{
  "markbot": "6bd632b984c7331e297d4426bf10cb111a1f8c3db946673f6bd34c3134bedb1e",
  "markbotignore": "030a4e6e1b3b6b510514a7ae54576e2c2ef762d56236c6414ef634955d96a126",
  "index-clicked-960.png": "3ca33541a0f7efe38f804961e0548393c3fc7aaff4f9a87818204107c3fa6e58",
  "index-320.png": "37fe3d6c381998a542b9ce297125728d1f92bd64ee826af827f5ca39046a5875",
  "index-400.png": "5b3e5e8920bd18938e22ed7441643e8f2444f73e745f870abd9d84406b14ffdf",
  "index-608.png": "e68e6de6159e694a05dae59e875b7ac7740b3590b62a18fd52f92ffc54d7a57a",
  "index-960.png": "5b39d4fe7e51edf7b715f83b2315067427f32f09ca773885bd586b8b98c50424",
  "index-1440.png": "1ac7e7cfaaac5fe434dfe5e8cbb5f5c2df9288916dac8ad0a2c6115040d65900"
}